{
  "name": "DailyBrief",
  "lockfileVersion": 3,
  "requires": true,
  "packages": {
    "": {
      "devDependencies": {
        "fallow": "^2.56.0"
      }
    },
    "node_modules/@fallow-cli/darwin-arm64": {
      "version": "2.56.0",
      "resolved": "https://registry.npmjs.org/@fallow-cli/darwin-arm64/-/darwin-arm64-2.56.0.tgz",
      "integrity": "sha512-KsJEq8gZ0o83wIykwNLFBXIEXUGA288gS7UIQLaWNXttlf7TYLlYqHzyXijas/Uch97QY3eKsb7seuwL442SYQ==",
      "cpu": [
        "arm64"
      ],
      "dev": true,
      "license": "MIT",
      "optional": true,
      "os": [
        "darwin"
      ]
    },
    "node_modules/@fallow-cli/darwin-x64": {
      "version": "2.56.0",
      "resolved": "https://registry.npmjs.org/@fallow-cli/darwin-x64/-/darwin-x64-2.56.0.tgz",
      "integrity": "sha512-iF2msec6H8IbqP9viQg0D3AfUb37m9TnB0lL0dagKYxr0liiqfgFTdnZ1nXzn7ezj8nFPzka7HyvrQ/cSiq2bA==",
      "cpu": [
        "x64"
      ],
      "dev": true,
      "license": "MIT",
      "optional": true,
      "os": [
        "darwin"
      ]
    },
    "node_modules/@fallow-cli/linux-arm64-gnu": {
      "version": "2.56.0",
      "resolved": "https://registry.npmjs.org/@fallow-cli/linux-arm64-gnu/-/linux-arm64-gnu-2.56.0.tgz",
      "integrity": "sha512-wIDQbO5x486BDzr/17z9zloB000cDog8CiLcFCN/HOfLpp8ky/krYuzfoR7PxVgdTqF11JNQ8YpPYfFRa/KYJg==",
      "cpu": [
        "arm64"
      ],
      "dev": true,
      "license": "MIT",
      "optional": true,
      "os": [
        "linux"
      ]
    },
    "node_modules/@fallow-cli/linux-arm64-musl": {
      "version": "2.56.0",
      "resolved": "https://registry.npmjs.org/@fallow-cli/linux-arm64-musl/-/linux-arm64-musl-2.56.0.tgz",
      "integrity": "sha512-Ro/MOnNamUbVgx0CMQ3HbBzC/a6nhNw6L9ke575/HAtYPhVK2oqO/UEW+yH6BmnFkdGGxTCUPWYR42mW5k7mBQ==",
      "cpu": [
        "arm64"
      ],
      "dev": true,
      "license": "MIT",
      "optional": true,
      "os": [
        "linux"
      ]
    },
    "node_modules/@fallow-cli/linux-x64-gnu": {
      "version": "2.56.0",
      "resolved": "https://registry.npmjs.org/@fallow-cli/linux-x64-gnu/-/linux-x64-gnu-2.56.0.tgz",
      "integrity": "sha512-c0NtJ2Iy8XUIAik5b2hlUtsXqIbX4RVyrTA1rLnyGZYGH2TRhk5uJQH+bg7wMyY6cpuFcAUGS+xqx2qWPalf8g==",
      "cpu": [
        "x64"
      ],
      "dev": true,
      "license": "MIT",
      "optional": true,
      "os": [
        "linux"
      ]
    },
    "node_modules/@fallow-cli/linux-x64-musl": {
      "version": "2.56.0",
      "resolved": "https://registry.npmjs.org/@fallow-cli/linux-x64-musl/-/linux-x64-musl-2.56.0.tgz",
      "integrity": "sha512-Sq6V3yEtClfmE3Hv/V42pBz6FTWPB+p7WdSIzR12sWY0MzGdJlCH+QA8cJUNO+IYRB2Gdym7cSouP/qvEQgtsQ==",
      "cpu": [
        "x64"
      ],
      "dev": true,
      "license": "MIT",
      "optional": true,
      "os": [
        "linux"
      ]
    },
    "node_modules/@fallow-cli/win32-arm64-msvc": {
      "version": "2.56.0",
      "resolved": "https://registry.npmjs.org/@fallow-cli/win32-arm64-msvc/-/win32-arm64-msvc-2.56.0.tgz",
      "integrity": "sha512-5kDhI1hT3c4QOdmXQBe/izbS+SpGaf+TUrHiWykvFzWecL494yNah9elMgcawfcUtYj6uGIJh3X6iKK5PgWBng==",
      "cpu": [
        "arm64"
      ],
      "dev": true,
      "license": "MIT",
      "optional": true,
      "os": [
        "win32"
      ]
    },
    "node_modules/@fallow-cli/win32-x64-msvc": {
      "version": "2.56.0",
      "resolved": "https://registry.npmjs.org/@fallow-cli/win32-x64-msvc/-/win32-x64-msvc-2.56.0.tgz",
      "integrity": "sha512-8gaMEURJ+iLNocraRbU9dth4cprD40dABZcM3rD3zjyDC9SktSBUuwmqNsDVb35sDsL2orcZDBJUrG2o0smemA==",
      "cpu": [
        "x64"
      ],
      "dev": true,
      "license": "MIT",
      "optional": true,
      "os": [
        "win32"
      ]
    },
    "node_modules/detect-libc": {
      "version": "2.1.2",
      "resolved": "https://registry.npmjs.org/detect-libc/-/detect-libc-2.1.2.tgz",
      "integrity": "sha512-Btj2BOOO83o3WyH59e8MgXsxEQVcarkUOpEYrubB0urwnN10yQ364rsiByU11nZlqWYZm05i/of7io4mzihBtQ==",
      "dev": true,
      "license": "Apache-2.0",
      "engines": {
        "node": ">=8"
      }
    },
    "node_modules/fallow": {
      "version": "2.56.0",
      "resolved": "https://registry.npmjs.org/fallow/-/fallow-2.56.0.tgz",
      "integrity": "sha512-nf1S93kufo56pXbwHTBH8gC+1v+fL8Xur1HmqCwnhlNZz6rRVAt54JtwZRX4YNyzmo9E6EFmBjq3pgTWBZVFMA==",
      "dev": true,
      "hasInstallScript": true,
      "license": "MIT",
      "dependencies": {
        "detect-libc": "2.1.2"
      },
      "bin": {
        "fallow": "bin/fallow",
        "fallow-lsp": "bin/fallow-lsp",
        "fallow-mcp": "bin/fallow-mcp"
      },
      "engines": {
        "node": ">=16"
      },
      "optionalDependencies": {
        "@fallow-cli/darwin-arm64": "2.56.0",
        "@fallow-cli/darwin-x64": "2.56.0",
        "@fallow-cli/linux-arm64-gnu": "2.56.0",
        "@fallow-cli/linux-arm64-musl": "2.56.0",
        "@fallow-cli/linux-x64-gnu": "2.56.0",
        "@fallow-cli/linux-x64-musl": "2.56.0",
        "@fallow-cli/win32-arm64-msvc": "2.56.0",
        "@fallow-cli/win32-x64-msvc": "2.56.0"
      }
    }
  }
}
